<?xml version="1.0" encoding="UTF-8" standalone="yes" ?>
<CodeBlocks_project_file>
	<FileVersion major="1" minor="6" />
	<Project>
		<Option title="BreakOut" />
		<Option pch_mode="2" />
		<Option compiler="gcc" />
		<Build>
			<Target title="Debug">
				<Option output="bin/Debug/BreakOut" prefix_auto="1" extension_auto="1" />
				<Option object_output="obj/Debug/" />
				<Option type="1" />
				<Option compiler="gcc" />
				<Compiler>
					<Add option="-g" />
				</Compiler>
			</Target>
			<Target title="Release">
				<Option output="bin/Release/BreakOut" prefix_auto="1" extension_auto="1" />
				<Option object_output="obj/Release/" />
				<Option type="1" />
				<Option compiler="gcc" />
				<Compiler>
					<Add option="-O2" />
				</Compiler>
				<Linker>
					<Add option="-s" />
				</Linker>
			</Target>
		</Build>
		<Compiler>
			<Add option="-Wall" />
		</Compiler>
		<Unit filename="desenhos.c">
			<Option compilerVar="CC" />
		</Unit>
		<Unit filename="desenhos.h" />
		<Unit filename="funcoes_bloco.c">
			<Option compilerVar="CC" />
		</Unit>
		<Unit filename="funcoes_bloco.h" />
		<Unit filename="funcoes_diversas.c">
			<Option compilerVar="CC" />
		</Unit>
		<Unit filename="funcoes_diversas.h" />
		<Unit filename="funcoes_externas.c">
			<Option compilerVar="CC" />
		</Unit>
		<Unit filename="funcoes_externas.h" />
		<Unit filename="funcoes_ranking.c">
			<Option compilerVar="CC" />
		</Unit>
		<Unit filename="funcoes_ranking.h" />
		<Unit filename="instrucoes.c">
			<Option compilerVar="CC" />
		</Unit>
		<Unit filename="intrucoes.h" />
		<Unit filename="jogo.c">
			<Option compilerVar="CC" />
		</Unit>
		<Unit filename="jogo.h" />
		<Unit filename="main.c">
			<Option compilerVar="CC" />
		</Unit>
		<Unit filename="matriz.c">
			<Option compilerVar="CC" />
		</Unit>
		<Unit filename="matriz.h" />
		<Unit filename="menu.c">
			<Option compilerVar="CC" />
		</Unit>
		<Unit filename="menu.h" />
		<Unit filename="movimento_barra.c">
			<Option compilerVar="CC" />
		</Unit>
		<Unit filename="movimento_barra.h" />
		<Unit filename="movimento_bola.c">
			<Option compilerVar="CC" />
		</Unit>
		<Unit filename="movimento_bola.h" />
		<Unit filename="pontuacao.c">
			<Option compilerVar="CC" />
		</Unit>
		<Unit filename="pontuacao.h" />
		<Unit filename="velocidade_jogo.c">
			<Option compilerVar="CC" />
		</Unit>
		<Unit filename="velocidade_jogo.h" />
		<Extensions>
			<code_completion />
			<envvars />
			<debugger />
			<lib_finder disable_auto="1" />
		</Extensions>
	</Project>
</CodeBlocks_project_file>
